// !$*UTF8*$!
{
	archiveVersion = 1;
	classes = {
	};
	objectVersion = 46;
	objects = {

/* Begin PBXBuildFile section */
		51235C421ACAF4B400CD7AFF /* JVSMotionSensor.m in Sources */ = {isa = PBXBuildFile; fileRef = 51235C411ACAF4B400CD7AFF /* JVSMotionSensor.m */; };
		51235C451ACB38A000CD7AFF /* MotionViewController.m in Sources */ = {isa = PBXBuildFile; fileRef = 51235C441ACB38A000CD7AFF /* MotionViewController.m */; };
		515D9AA31ABB5B1300A3126F /* main.m in Sources */ = {isa = PBXBuildFile; fileRef = 515D9AA21ABB5B1300A3126F /* main.m */; };
		515D9AA61ABB5B1300A3126F /* AppDelegate.m in Sources */ = {isa = PBXBuildFile; fileRef = 515D9AA51ABB5B1300A3126F /* AppDelegate.m */; };
		515D9AA91ABB5B1300A3126F /* JVSRemoteViewController.m in Sources */ = {isa = PBXBuildFile; fileRef = 515D9AA81ABB5B1300A3126F /* JVSRemoteViewController.m */; };
		515D9AAC1ABB5B1300A3126F /* Main.storyboard in Resources */ = {isa = PBXBuildFile; fileRef = 515D9AAA1ABB5B1300A3126F /* Main.storyboard */; };
		515D9AAE1ABB5B1300A3126F /* Images.xcassets in Resources */ = {isa = PBXBuildFile; fileRef = 515D9AAD1ABB5B1300A3126F /* Images.xcassets */; };
		515D9AB11ABB5B1300A3126F /* LaunchScreen.xib in Resources */ = {isa = PBXBuildFile; fileRef = 515D9AAF1ABB5B1300A3126F /* LaunchScreen.xib */; };
		515D9ABD1ABB5B1300A3126F /* JarvisTests.m in Sources */ = {isa = PBXBuildFile; fileRef = 515D9ABC1ABB5B1300A3126F /* JarvisTests.m */; };
		515D9AD11ABC86DC00A3126F /* JVSMultipeerClient.m in Sources */ = {isa = PBXBuildFile; fileRef = 515D9AD01ABC86DC00A3126F /* JVSMultipeerClient.m */; };
/* End PBXBuildFile section */

/* Begin PBXContainerItemProxy section */
		515D9AB71ABB5B1300A3126F /* PBXContainerItemProxy */ = {
			isa = PBXContainerItemProxy;
			containerPortal = 515D9A951ABB5B1300A3126F /* Project object */;
			proxyType = 1;
			remoteGlobalIDString = 515D9A9C1ABB5B1300A3126F;
			remoteInfo = Jarvis;
		};
/* End PBXContainerItemProxy section */

/* Begin PBXFileReference section */
		51235C401ACAF4B400CD7AFF /* JVSMotionSensor.h */ = {isa = PBXFileReference; fileEncoding = 4; lastKnownFileType = sourcecode.c.h; path = JVSMotionSensor.h; sourceTree = "<group>"; };
		51235C411ACAF4B400CD7AFF /* JVSMotionSensor.m */ = {isa = PBXFileReference; fileEncoding = 4; lastKnownFileType = sourcecode.c.objc; path = JVSMotionSensor.m; sourceTree = "<group>"; };
		51235C431ACB38A000CD7AFF /* MotionViewController.h */ = {isa = PBXFileReference; fileEncoding = 4; lastKnownFileType = sourcecode.c.h; path = MotionViewController.h; sourceTree = "<group>"; };
		51235C441ACB38A000CD7AFF /* MotionViewController.m */ = {isa = PBXFileReference; fileEncoding = 4; lastKnownFileType = sourcecode.c.objc; path = MotionViewController.m; sourceTree = "<group>"; };
		515D9A9D1ABB5B1300A3126F /* Jarvis.app */ = {isa = PBXFileReference; explicitFileType = wrapper.application; includeInIndex = 0; path = Jarvis.app; sourceTree = BUILT_PRODUCTS_DIR; };
		515D9AA11ABB5B1300A3126F /* Info.plist */ = {isa = PBXFileReference; lastKnownFileType = text.plist.xml; path = Info.plist; sourceTree = "<group>"; };
		515D9AA21ABB5B1300A3126F /* main.m */ = {isa = PBXFileReference; lastKnownFileType = sourcecode.c.objc; path = main.m; sourceTree = "<group>"; };
		515D9AA41ABB5B1300A3126F /* AppDelegate.h */ = {isa = PBXFileReference; lastKnownFileType = sourcecode.c.h; path = AppDelegate.h; sourceTree = "<group>"; };
		515D9AA51ABB5B1300A3126F /* AppDelegate.m */ = {isa = PBXFileReference; lastKnownFileType = sourcecode.c.objc; path = AppDelegate.m; sourceTree = "<group>"; };
		515D9AA71ABB5B1300A3126F /* JVSRemoteViewController.h */ = {isa = PBXFileReference; lastKnownFileType = sourcecode.c.h; path = JVSRemoteViewController.h; sourceTree = "<group>"; };
		515D9AA81ABB5B1300A3126F /* JVSRemoteViewController.m */ = {isa = PBXFileReference; lastKnownFileType = sourcecode.c.objc; path = JVSRemoteViewController.m; sourceTree = "<group>"; };
		515D9AAB1ABB5B1300A3126F /* Base */ = {isa = PBXFileReference; lastKnownFileType = file.storyboard; name = Base; path = Base.lproj/Main.storyboard; sourceTree = "<group>"; };
		515D9AAD1ABB5B1300A3126F /* Images.xcassets */ = {isa = PBXFileReference; lastKnownFileType = folder.assetcatalog; path = Images.xcassets; sourceTree = "<group>"; };
		515D9AB01ABB5B1300A3126F /* Base */ = {isa = PBXFileReference; lastKnownFileType = file.xib; name = Base; path = Base.lproj/LaunchScreen.xib; sourceTree = "<group>"; };
		515D9AB61ABB5B1300A3126F /* JarvisTests.xctest */ = {isa = PBXFileReference; explicitFileType = wrapper.cfbundle; includeInIndex = 0; path = JarvisTests.xctest; sourceTree = BUILT_PRODUCTS_DIR; };
		515D9ABB1ABB5B1300A3126F /* Info.plist */ = {isa = PBXFileReference; lastKnownFileType = text.plist.xml; path = Info.plist; sourceTree = "<group>"; };
		515D9ABC1ABB5B1300A3126F /* JarvisTests.m */ = {isa = PBXFileReference; lastKnownFileType = sourcecode.c.objc; path = JarvisTests.m; sourceTree = "<group>"; };
		515D9ACF1ABC86DC00A3126F /* JVSMultipeerClient.h */ = {isa = PBXFileReference; fileEncoding = 4; lastKnownFileType = sourcecode.c.h; path = JVSMultipeerClient.h; sourceTree = "<group>"; };
		515D9AD01ABC86DC00A3126F /* JVSMultipeerClient.m */ = {isa = PBXFileReference; fileEncoding = 4; lastKnownFileType = sourcecode.c.objc; path = JVSMultipeerClient.m; sourceTree = "<group>"; };
/* End PBXFileReference section */

/* Begin PBXFrameworksBuildPhase section */
		515D9A9A1ABB5B1300A3126F /* Frameworks */ = {
			isa = PBXFrameworksBuildPhase;
			buildActionMask = 2147483647;
			files = (
			);
			runOnlyForDeploymentPostprocessing = 0;
		};
		515D9AB31ABB5B1300A3126F /* Frameworks */ = {
			isa = PBXFrameworksBuildPhase;
			buildActionMask = 2147483647;
			files = (
			);
			runOnlyForDeploymentPostprocessing = 0;
		};
/* End PBXFrameworksBuildPhase section */

/* Begin PBXGroup section */
		515D9A941ABB5B1300A3126F = {
			isa = PBXGroup;
			children = (
				515D9A9F1ABB5B1300A3126F /* Jarvis */,
				515D9AB91ABB5B1300A3126F /* JarvisTests */,
				515D9A9E1ABB5B1300A3126F /* Products */,
			);
			sourceTree = "<group>";
		};
		515D9A9E1ABB5B1300A3126F /* Products */ = {
			isa = PBXGroup;
			children = (
				515D9A9D1ABB5B1300A3126F /* Jarvis.app */,
				515D9AB61ABB5B1300A3126F /* JarvisTests.xctest */,
			);
			name = Products;
			sourceTree = "<group>";
		};
		515D9A9F1ABB5B1300A3126F /* Jarvis */ = {
			isa = PBXGroup;
			children = (
				515D9AA41ABB5B1300A3126F /* AppDelegate.h */,
				515D9AA51ABB5B1300A3126F /* AppDelegate.m */,
				51235C431ACB38A000CD7AFF /* MotionViewController.h */,
				51235C441ACB38A000CD7AFF /* MotionViewController.m */,
				515D9AA71ABB5B1300A3126F /* JVSRemoteViewController.h */,
				515D9AA81ABB5B1300A3126F /* JVSRemoteViewController.m */,
				515D9ACF1ABC86DC00A3126F /* JVSMultipeerClient.h */,
				515D9AD01ABC86DC00A3126F /* JVSMultipeerClient.m */,
				51235C401ACAF4B400CD7AFF /* JVSMotionSensor.h */,
				51235C411ACAF4B400CD7AFF /* JVSMotionSensor.m */,
				515D9AAA1ABB5B1300A3126F /* Main.storyboard */,
				515D9AAD1ABB5B1300A3126F /* Images.xcassets */,
				515D9AAF1ABB5B1300A3126F /* LaunchScreen.xib */,
				515D9AA01ABB5B1300A3126F /* Supporting Files */,
			);
			path = Jarvis;
			sourceTree = "<group>";
		};
		515D9AA01ABB5B1300A3126F /* Supporting Files */ = {
			isa = PBXGroup;
			children = (
				515D9AA11ABB5B1300A3126F /* Info.plist */,
				515D9AA21ABB5B1300A3126F /* main.m */,
			);
			name = "Supporting Files";
			sourceTree = "<group>";
		};
		515D9AB91ABB5B1300A3126F /* JarvisTests */ = {
			isa = PBXGroup;
			children = (
				515D9ABC1ABB5B1300A3126F /* JarvisTests.m */,
				515D9ABA1ABB5B1300A3126F /* Supporting Files */,
			);
			path = JarvisTests;
			sourceTree = "<group>";
		};
		515D9ABA1ABB5B1300A3126F /* Supporting Files */ = {
			isa = PBXGroup;
			children = (
				515D9ABB1ABB5B1300A3126F /* Info.plist */,
			);
			name = "Supporting Files";
			sourceTree = "<group>";
		};
/* End PBXGroup section */

/* Begin PBXNativeTarget section */
		515D9A9C1ABB5B1300A3126F /* Jarvis */ = {
			isa = PBXNativeTarget;
			buildConfigurationList = 515D9AC01ABB5B1300A3126F /* Build configuration list for PBXNativeTarget "Jarvis" */;
			buildPhases = (
				515D9A991ABB5B1300A3126F /* Sources */,
				515D9A9A1ABB5B1300A3126F /* Frameworks */,
				515D9A9B1ABB5B1300A3126F /* Resources */,
			);
			buildRules = (
			);
			dependencies = (
			);
			name = Jarvis;
			productName = Jarvis;
			productReference = 515D9A9D1ABB5B1300A3126F /* Jarvis.app */;
			productType = "com.apple.product-type.application";
		};
		515D9AB51ABB5B1300A3126F /* JarvisTests */ = {
			isa = PBXNativeTarget;
			buildConfigurationList = 515D9AC31ABB5B1300A3126F /* Build configuration list for PBXNativeTarget "JarvisTests" */;
			buildPhases = (
				515D9AB21ABB5B1300A3126F /* Sources */,
				515D9AB31ABB5B1300A3126F /* Frameworks */,
				515D9AB41ABB5B1300A3126F /* Resources */,
			);
			buildRules = (
			);
			dependencies = (
				515D9AB81ABB5B1300A3126F /* PBXTargetDependency */,
			);
			name = JarvisTests;
			productName = JarvisTests;
			productReference = 515D9AB61ABB5B1300A3126F /* JarvisTests.xctest */;
			productType = "com.apple.product-type.bundle.unit-test";
		};
/* End PBXNativeTarget section */

/* Begin PBXProject section */
		515D9A951ABB5B1300A3126F /* Project object */ = {
			isa = PBXProject;
			attributes = {
				LastUpgradeCheck = 0620;
				ORGANIZATIONNAME = "Kyle Yoon";
				TargetAttributes = {
					515D9A9C1ABB5B1300A3126F = {
						CreatedOnToolsVersion = 6.2;
						DevelopmentTeam = TZPBQT6RZA;
					};
					515D9AB51ABB5B1300A3126F = {
						CreatedOnToolsVersion = 6.2;
						TestTargetID = 515D9A9C1ABB5B1300A3126F;
					};
				};
			};
			buildConfigurationList = 515D9A981ABB5B1300A3126F /* Build configuration list for PBXProject "Jarvis" */;
			compatibilityVersion = "Xcode 3.2";
			developmentRegion = English;
			hasScannedForEncodings = 0;
			knownRegions = (
				en,
				Base,
			);
			mainGroup = 515D9A941ABB5B1300A3126F;
			productRefGroup = 515D9A9E1ABB5B1300A3126F /* Products */;
			projectDirPath = "";
			projectRoot = "";
			targets = (
				515D9A9C1ABB5B1300A3126F /* Jarvis */,
				515D9AB51ABB5B1300A3126F /* JarvisTests */,
			);
		};
/* End PBXProject section */

/* Begin PBXResourcesBuildPhase section */
		515D9A9B1ABB5B1300A3126F /* Resources */ = {
			isa = PBXResourcesBuildPhase;
			buildActionMask = 2147483647;
			files = (
				515D9AAC1ABB5B1300A3126F /* Main.storyboard in Resources */,
				515D9AB11ABB5B1300A3126F /* LaunchScreen.xib in Resources */,
				515D9AAE1ABB5B1300A3126F /* Images.xcassets in Resources */,
			);
			runOnlyForDeploymentPostprocessing = 0;
		};
		515D9AB41ABB5B1300A3126F /* Resources */ = {
			isa = PBXResourcesBuildPhase;
			buildActionMask = 2147483647;
			files = (
			);
			runOnlyForDeploymentPostprocessing = 0;
		};
/* End PBXResourcesBuildPhase section */

/* Begin PBXSourcesBuildPhase section */
		515D9A991ABB5B1300A3126F /* Sources */ = {
			isa = PBXSourcesBuildPhase;
			buildActionMask = 2147483647;
			files = (
				515D9AA91ABB5B1300A3126F /* JVSRemoteViewController.m in Sources */,
				51235C421ACAF4B400CD7AFF /* JVSMotionSensor.m in Sources */,
				51235C451ACB38A000CD7AFF /* MotionViewController.m in Sources */,
				515D9AA61ABB5B1300A3126F /* AppDelegate.m in Sources */,
				515D9AD11ABC86DC00A3126F /* JVSMultipeerClient.m in Sources */,
				515D9AA31ABB5B1300A3126F /* main.m in Sources */,
			);
			runOnlyForDeploymentPostprocessing = 0;
		};
		515D9AB21ABB5B1300A3126F /* Sources */ = {
			isa = PBXSourcesBuildPhase;
			buildActionMask = 2147483647;
			files = (
				515D9ABD1ABB5B1300A3126F /* JarvisTests.m in Sources */,
			);
			runOnlyForDeploymentPostprocessing = 0;
		};
/* End PBXSourcesBuildPhase section */

/* Begin PBXTargetDependency section */
		515D9AB81ABB5B1300A3126F /* PBXTargetDependency */ = {
			isa = PBXTargetDependency;
			target = 515D9A9C1ABB5B1300A3126F /* Jarvis */;
			targetProxy = 515D9AB71ABB5B1300A3126F /* PBXContainerItemProxy */;
		};
/* End PBXTargetDependency section */

/* Begin PBXVariantGroup section */
		515D9AAA1ABB5B1300A3126F /* Main.storyboard */ = {
			isa = PBXVariantGroup;
			children = (
				515D9AAB1ABB5B1300A3126F /* Base */,
			);
			name = Main.storyboard;
			sourceTree = "<group>";
		};
		515D9AAF1ABB5B1300A3126F /* LaunchScreen.xib */ = {
			isa = PBXVariantGroup;
			children = (
				515D9AB01ABB5B1300A3126F /* Base */,
			);
			name = LaunchScreen.xib;
			sourceTree = "<group>";
		};
/* End PBXVariantGroup section */

/* Begin XCBuildConfiguration section */
		515D9ABE1ABB5B1300A3126F /* Debug */ = {
			isa = XCBuildConfiguration;
			buildSettings = {
				ALWAYS_SEARCH_USER_PATHS = NO;
				CLANG_CXX_LANGUAGE_STANDARD = "gnu++0x";
				CLANG_CXX_LIBRARY = "libc++";
				CLANG_ENABLE_MODULES = YES;
				CLANG_ENABLE_OBJC_ARC = YES;
				CLANG_WARN_BOOL_CONVERSION = YES;
				CLANG_WARN_CONSTANT_CONVERSION = YES;
				CLANG_WARN_DIRECT_OBJC_ISA_USAGE = YES_ERROR;
				CLANG_WARN_EMPTY_BODY = YES;
				CLANG_WARN_ENUM_CONVERSION = YES;
				CLANG_WARN_INT_CONVERSION = YES;
				CLANG_WARN_OBJC_ROOT_CLASS = YES_ERROR;
				CLANG_WARN_UNREACHABLE_CODE = YES;
				CLANG_WARN__DUPLICATE_METHOD_MATCH = YES;
				"CODE_SIGN_IDENTITY[sdk=iphoneos*]" = "iPhone Developer";
				COPY_PHASE_STRIP = NO;
				ENABLE_STRICT_OBJC_MSGSEND = YES;
				GCC_C_LANGUAGE_STANDARD = gnu99;
				GCC_DYNAMIC_NO_PIC = NO;
				GCC_OPTIMIZATION_LEVEL = 0;
				GCC_PREPROCESSOR_DEFINITIONS = (
					"DEBUG=1",
					"$(inherited)",
				);
				GCC_SYMBOLS_PRIVATE_EXTERN = NO;
				GCC_WARN_64_TO_32_BIT_CONVERSION = YES;
				GCC_WARN_ABOUT_RETURN_TYPE = YES_ERROR;
				GCC_WARN_UNDECLARED_SELECTOR = YES;
				GCC_WARN_UNINITIALIZED_AUTOS = YES_AGGRESSIVE;
				GCC_WARN_UNUSED_FUNCTION = YES;
				GCC_WARN_UNUSED_VARIABLE = YES;
				IPHONEOS_DEPLOYMENT_TARGET = 8.2;
				MTL_ENABLE_DEBUG_INFO = YES;
				ONLY_ACTIVE_ARCH = YES;
				SDKROOT = iphoneos;
				TARGETED_DEVICE_FAMILY = "1,2";
			};
			name = Debug;
		};
		515D9ABF1ABB5B1300A3126F /* Release */ = {
			isa = XCBuildConfiguration;
			buildSettings = {
				ALWAYS_SEARCH_USER_PATHS = NO;
				CLANG_CXX_LANGUAGE_STANDARD = "gnu++0x";
				CLANG_CXX_LIBRARY = "libc++";
				CLANG_ENABLE_MODULES = YES;
				CLANG_ENABLE_OBJC_ARC = YES;
				CLANG_WARN_BOOL_CONVERSION = YES;
				CLANG_WARN_CONSTANT_CONVERSION = YES;
				CLANG_WARN_DIRECT_OBJC_ISA_USAGE = YES_ERROR;
				CLANG_WARN_EMPTY_BODY = YES;
				CLANG_WARN_ENUM_CONVERSION = YES;
				CLANG_WARN_INT_CONVERSION = YES;
				CLANG_WARN_OBJC_ROOT_CLASS = YES_ERROR;
				CLANG_WARN_UNREACHABLE_CODE = YES;
				CLANG_WARN__DUPLICATE_METHOD_MATCH = YES;
				"CODE_SIGN_IDENTITY[sdk=iphoneos*]" = "iPhone Developer";
				COPY_PHASE_STRIP = NO;
				ENABLE_NS_ASSERTIONS = NO;
				ENABLE_STRICT_OBJC_MSGSEND = YES;
				GCC_C_LANGUAGE_STANDARD = gnu99;
				GCC_WARN_64_TO_32_BIT_CONVERSION = YES;
				GCC_WARN_ABOUT_RETURN_TYPE = YES_ERROR;
				GCC_WARN_UNDECLARED_SELECTOR = YES;
				GCC_WARN_UNINITIALIZED_AUTOS = YES_AGGRESSIVE;
				GCC_WARN_UNUSED_FUNCTION = YES;
				GCC_WARN_UNUSED_VARIABLE = YES;
				IPHONEOS_DEPLOYMENT_TARGET = 8.2;
				MTL_ENABLE_DEBUG_INFO = NO;
				SDKROOT = iphoneos;
				TARGETED_DEVICE_FAMILY = "1,2";
				VALIDATE_PRODUCT = YES;
			};
			name = Release;
		};
		515D9AC11ABB5B1300A3126F /* Debug */ = {
			isa = XCBuildConfiguration;
			buildSettings = {
				ASSETCATALOG_COMPILER_APPICON_NAME = AppIcon;
				CODE_SIGN_IDENTITY = "iPhone Developer";
				FRAMEWORK_SEARCH_PATHS = (
					"$(inherited)",
					"$(PROJECT_DIR)/Framework",
				);
				INFOPLIST_FILE = Jarvis/Info.plist;
				LD_RUNPATH_SEARCH_PATHS = "$(inherited) @executable_path/Frameworks";
				PRODUCT_NAME = "$(TARGET_NAME)";
			};
			name = Debug;
		};
		515D9AC21ABB5B1300A3126F /* Release */ = {
			isa = XCBuildConfiguration;
			buildSettings = {
				ASSETCATALOG_COMPILER_APPICON_NAME = AppIcon;
				CODE_SIGN_IDENTITY = "iPhone Developer";
				FRAMEWORK_SEARCH_PATHS = (
					"$(inherited)",
					"$(PROJECT_DIR)/Framework",
				);
				INFOPLIST_FILE = Jarvis/Info.plist;
				LD_RUNPATH_SEARCH_PATHS = "$(inherited) @executable_path/Frameworks";
				PRODUCT_NAME = "$(TARGET_NAME)";
			};
			name = Release;
		};
		515D9AC41ABB5B1300A3126F /* Debug */ = {
			isa = XCBuildConfiguration;
			buildSettings = {
				BUNDLE_LOADER = "$(TEST_HOST)";
				FRAMEWORK_SEARCH_PATHS = (
					"$(SDKROOT)/Developer/Library/Frameworks",
					"$(inherited)",
				);
				GCC_PREPROCESSOR_DEFINITIONS = (
					"DEBUG=1",
					"$(inherited)",
				);
				INFOPLIST_FILE = JarvisTests/Info.plist;
				LD_RUNPATH_SEARCH_PATHS = "$(inherited) @executable_path/Frameworks @loader_path/Frameworks";
				PRODUCT_NAME = "$(TARGET_NAME)";
				TEST_HOST = "$(BUILT_PRODUCTS_DIR)/Jarvis.app/Jarvis";
			};
			name = Debug;
		};
		515D9AC51ABB5B1300A3126F /* Release */ = {
			isa = XCBuildConfiguration;
			buildSettings = {
				BUNDLE_LOADER = "$(TEST_HOST)";
				FRAMEWORK_SEARCH_PATHS = (
					"$(SDKROOT)/Developer/Library/Frameworks",
					"$(inherited)",
				);
				INFOPLIST_FILE = JarvisTests/Info.plist;
				LD_RUNPATH_SEARCH_PATHS = "$(inherited) @executable_path/Frameworks @loader_path/Frameworks";
				PRODUCT_NAME = "$(TARGET_NAME)";
				TEST_HOST = "$(BUILT_PRODUCTS_DIR)/Jarvis.app/Jarvis";
			};
			name = Release;
		};
/* End XCBuildConfiguration section */

/* Begin XCConfigurationList section */
		515D9A981ABB5B1300A3126F /* Build configuration list for PBXProject "Jarvis" */ = {
			isa = XCConfigurationList;
			buildConfigurations = (
				515D9ABE1ABB5B1300A3126F /* Debug */,
				515D9ABF1ABB5B1300A3126F /* Release */,
			);
			defaultConfigurationIsVisible = 0;
			defaultConfigurationName = Release;
		};
		515D9AC01ABB5B1300A3126F /* Build configuration list for PBXNativeTarget "Jarvis" */ = {
			isa = XCConfigurationList;
			buildConfigurations = (
				515D9AC11ABB5B1300A3126F /* Debug */,
				515D9AC21ABB5B1300A3126F /* Release */,
			);
			defaultConfigurationIsVisible = 0;
			defaultConfigurationName = Release;
		};
		515D9AC31ABB5B1300A3126F /* Build configuration list for PBXNativeTarget "JarvisTests" */ = {
			isa = XCConfigurationList;
			buildConfigurations = (
				515D9AC41ABB5B1300A3126F /* Debug */,
				515D9AC51ABB5B1300A3126F /* Release */,
			);
			defaultConfigurationIsVisible = 0;
			defaultConfigurationName = Release;
		};
/* End XCConfigurationList section */
	};
	rootObject = 515D9A951ABB5B1300A3126F /* Project object */;
}
